# This file was autogenerated by Stack.
# You should not edit this file by hand.
# For more information, please see the documentation at:
#   https://docs.haskellstack.org/en/stable/lock_files

packages:
- completed:
    hackage: servant-typescript-0.1.0.2@sha256:92cfd7f7d96de7a01d3834ef50daec181c54b94b1daa3f5a497d5561b86ea7d3,3030
    pantry-tree:
      sha256: e29645c0a0c838b78a8592bda8229a94aec8e69ee4593f908a5d89f8de7a49c9
      size: 652
  original:
    hackage: servant-typescript-0.1.0.2
snapshots:
- completed:
    sha256: 23bb9bb355bfdb1635252e120a29b712f0d5e8a6c6a65c5ab5bd6692f46c438e
    size: 640457
    url: https://raw.githubusercontent.com/commercialhaskell/stackage-snapshots/master/lts/21/7.yaml
  original:
    url: https://raw.githubusercontent.com/commercialhaskell/stackage-snapshots/master/lts/21/7.yaml
